
Microsoft Visual Studio Solution File, Format Version 12.00
# Visual Studio 15
VisualStudioVersion = 15.0.27130.2010
MinimumVisualStudioVersion = 10.0.40219.1
Project("{FAE04EC0-301F-11D3-BF4B-00C04F79EFBC}") = "StackLayout.Android", "StackLayout\StackLayout.Android\StackLayout.Android.csproj", "{4F1BCF21-B83F-4143-9237-7D4ABA552B1D}"
EndProject
Project("{FAE04EC0-301F-11D3-BF4B-00C04F79EFBC}") = "StackLayout.iOS", "StackLayout\StackLayout.iOS\StackLayout.iOS.csproj", "{29E71F17-CEE7-49CB-8FAA-E4128F33E069}"
EndProject
Project("{FAE04EC0-301F-11D3-BF4B-00C04F79EFBC}") = "StackLayout.UWP", "StackLayout\StackLayout.UWP\StackLayout.UWP.csproj", "{883F7476-6A54-493C-9C33-100AA7000F38}"
EndProject
Project("{FAE04EC0-301F-11D3-BF4B-00C04F79EFBC}") = "StackLayout", "StackLayout\StackLayout\StackLayout.csproj", "{A7EB6B7C-7C39-4822-B177-708164FAB9EC}"
EndProject
Global
	GlobalSection(SolutionConfigurationPlatforms) = preSolution
		Ad-Hoc|Any CPU = Ad-Hoc|Any CPU
		Ad-Hoc|ARM = Ad-Hoc|ARM
		Ad-Hoc|iPhone = Ad-Hoc|iPhone
		Ad-Hoc|iPhoneSimulator = Ad-Hoc|iPhoneSimulator
		Ad-Hoc|x64 = Ad-Hoc|x64
		Ad-Hoc|x86 = Ad-Hoc|x86
		AppStore|Any CPU = AppStore|Any CPU
		AppStore|ARM = AppStore|ARM
		AppStore|iPhone = AppStore|iPhone
		AppStore|iPhoneSimulator = AppStore|iPhoneSimulator
		AppStore|x64 = AppStore|x64
		AppStore|x86 = AppStore|x86
		Debug|Any CPU = Debug|Any CPU
		Debug|ARM = Debug|ARM
		Debug|iPhone = Debug|iPhone
		Debug|iPhoneSimulator = Debug|iPhoneSimulator
		Debug|x64 = Debug|x64
		Debug|x86 = Debug|x86
		Release|Any CPU = Release|Any CPU
		Release|ARM = Release|ARM
		Release|iPhone = Release|iPhone
		Release|iPhoneSimulator = Release|iPhoneSimulator
		Release|x64 = Release|x64
		Release|x86 = Release|x86
	EndGlobalSection
	GlobalSection(ProjectConfigurationPlatforms) = postSolution
		{4F1BCF21-B83F-4143-9237-7D4ABA552B1D}.Ad-Hoc|Any CPU.ActiveCfg = Release|Any CPU
		{4F1BCF21-B83F-4143-9237-7D4ABA552B1D}.Ad-Hoc|Any CPU.Build.0 = Release|Any CPU
		{4F1BCF21-B83F-4143-9237-7D4ABA552B1D}.Ad-Hoc|Any CPU.Deploy.0 = Release|Any CPU
		{4F1BCF21-B83F-4143-9237-7D4ABA552B1D}.Ad-Hoc|ARM.ActiveCfg = Release|Any CPU
		{4F1BCF21-B83F-4143-9237-7D4ABA552B1D}.Ad-Hoc|ARM.Build.0 = Release|Any CPU
		{4F1BCF21-B83F-4143-9237-7D4ABA552B1D}.Ad-Hoc|ARM.Deploy.0 = Release|Any CPU
		{4F1BCF21-B83F-4143-9237-7D4ABA552B1D}.Ad-Hoc|iPhone.ActiveCfg = Release|Any CPU
		{4F1BCF21-B83F-4143-9237-7D4ABA552B1D}.Ad-Hoc|iPhone.Build.0 = Release|Any CPU
		{4F1BCF21-B83F-4143-9237-7D4ABA552B1D}.Ad-Hoc|iPhone.Deploy.0 = Release|Any CPU
		{4F1BCF21-B83F-4143-9237-7D4ABA552B1D}.Ad-Hoc|iPhoneSimulator.ActiveCfg = Release|Any CPU
		{4F1BCF21-B83F-4143-9237-7D4ABA552B1D}.Ad-Hoc|iPhoneSimulator.Build.0 = Release|Any CPU
		{4F1BCF21-B83F-4143-9237-7D4ABA552B1D}.Ad-Hoc|iPhoneSimulator.Deploy.0 = Release|Any CPU
		{4F1BCF21-B83F-4143-9237-7D4ABA552B1D}.Ad-Hoc|x64.ActiveCfg = Release|Any CPU
		{4F1BCF21-B83F-4143-9237-7D4ABA552B1D}.Ad-Hoc|x64.Build.0 = Release|Any CPU
		{4F1BCF21-B83F-4143-9237-7D4ABA552B1D}.Ad-Hoc|x64.Deploy.0 = Release|Any CPU
		{4F1BCF21-B83F-4143-9237-7D4ABA552B1D}.Ad-Hoc|x86.ActiveCfg = Release|Any CPU
		{4F1BCF21-B83F-4143-9237-7D4ABA552B1D}.Ad-Hoc|x86.Build.0 = Release|Any CPU
		{4F1BCF21-B83F-4143-9237-7D4ABA552B1D}.Ad-Hoc|x86.Deploy.0 = Release|Any CPU
		{4F1BCF21-B83F-4143-9237-7D4ABA552B1D}.AppStore|Any CPU.ActiveCfg = Release|Any CPU
		{4F1BCF21-B83F-4143-9237-7D4ABA552B1D}.AppStore|Any CPU.Build.0 = Release|Any CPU
		{4F1BCF21-B83F-4143-9237-7D4ABA552B1D}.AppStore|Any CPU.Deploy.0 = Release|Any CPU
		{4F1BCF21-B83F-4143-9237-7D4ABA552B1D}.AppStore|ARM.ActiveCfg = Release|Any CPU
		{4F1BCF21-B83F-4143-9237-7D4ABA552B1D}.AppStore|ARM.Build.0 = Release|Any CPU
		{4F1BCF21-B83F-4143-9237-7D4ABA552B1D}.AppStore|ARM.Deploy.0 = Release|Any CPU
		{4F1BCF21-B83F-4143-9237-7D4ABA552B1D}.AppStore|iPhone.ActiveCfg = Release|Any CPU
		{4F1BCF21-B83F-4143-9237-7D4ABA552B1D}.AppStore|iPhone.Build.0 = Release|Any CPU
		{4F1BCF21-B83F-4143-9237-7D4ABA552B1D}.AppStore|iPhone.Deploy.0 = Release|Any CPU
		{4F1BCF21-B83F-4143-9237-7D4ABA552B1D}.AppStore|iPhoneSimulator.ActiveCfg = Release|Any CPU
		{4F1BCF21-B83F-4143-9237-7D4ABA552B1D}.AppStore|iPhoneSimulator.Build.0 = Release|Any CPU
		{4F1BCF21-B83F-4143-9237-7D4ABA552B1D}.AppStore|iPhoneSimulator.Deploy.0 = Release|Any CPU
		{4F1BCF21-B83F-4143-9237-7D4ABA552B1D}.AppStore|x64.ActiveCfg = Release|Any CPU
		{4F1BCF21-B83F-4143-9237-7D4ABA552B1D}.AppStore|x64.Build.0 = Release|Any CPU
		{4F1BCF21-B83F-4143-9237-7D4ABA552B1D}.AppStore|x64.Deploy.0 = Release|Any CPU
		{4F1BCF21-B83F-4143-9237-7D4ABA552B1D}.AppStore|x86.ActiveCfg = Release|Any CPU
		{4F1BCF21-B83F-4143-9237-7D4ABA552B1D}.AppStore|x86.Build.0 = Release|Any CPU
		{4F1BCF21-B83F-4143-9237-7D4ABA552B1D}.AppStore|x86.Deploy.0 = Release|Any CPU
		{4F1BCF21-B83F-4143-9237-7D4ABA552B1D}.Debug|Any CPU.ActiveCfg = Debug|Any CPU
		{4F1BCF21-B83F-4143-9237-7D4ABA552B1D}.Debug|Any CPU.Build.0 = Debug|Any CPU
		{4F1BCF21-B83F-4143-9237-7D4ABA552B1D}.Debug|Any CPU.Deploy.0 = Debug|Any CPU
		{4F1BCF21-B83F-4143-9237-7D4ABA552B1D}.Debug|ARM.ActiveCfg = Debug|Any CPU
		{4F1BCF21-B83F-4143-9237-7D4ABA552B1D}.Debug|ARM.Build.0 = Debug|Any CPU
		{4F1BCF21-B83F-4143-9237-7D4ABA552B1D}.Debug|ARM.Deploy.0 = Debug|Any CPU
		{4F1BCF21-B83F-4143-9237-7D4ABA552B1D}.Debug|iPhone.ActiveCfg = Debug|Any CPU
		{4F1BCF21-B83F-4143-9237-7D4ABA552B1D}.Debug|iPhone.Build.0 = Debug|Any CPU
		{4F1BCF21-B83F-4143-9237-7D4ABA552B1D}.Debug|iPhone.Deploy.0 = Debug|Any CPU
		{4F1BCF21-B83F-4143-9237-7D4ABA552B1D}.Debug|iPhoneSimulator.ActiveCfg = Debug|Any CPU
		{4F1BCF21-B83F-4143-9237-7D4ABA552B1D}.Debug|iPhoneSimulator.Build.0 = Debug|Any CPU
		{4F1BCF21-B83F-4143-9237-7D4ABA552B1D}.Debug|iPhoneSimulator.Deploy.0 = Debug|Any CPU
		{4F1BCF21-B83F-4143-9237-7D4ABA552B1D}.Debug|x64.ActiveCfg = Debug|Any CPU
		{4F1BCF21-B83F-4143-9237-7D4ABA552B1D}.Debug|x64.Build.0 = Debug|Any CPU
		{4F1BCF21-B83F-4143-9237-7D4ABA552B1D}.Debug|x64.Deploy.0 = Debug|Any CPU
		{4F1BCF21-B83F-4143-9237-7D4ABA552B1D}.Debug|x86.ActiveCfg = Debug|Any CPU
		{4F1BCF21-B83F-4143-9237-7D4ABA552B1D}.Debug|x86.Build.0 = Debug|Any CPU
		{4F1BCF21-B83F-4143-9237-7D4ABA552B1D}.Debug|x86.Deploy.0 = Debug|Any CPU
		{4F1BCF21-B83F-4143-9237-7D4ABA552B1D}.Release|Any CPU.ActiveCfg = Release|Any CPU
		{4F1BCF21-B83F-4143-9237-7D4ABA552B1D}.Release|Any CPU.Build.0 = Release|Any CPU
		{4F1BCF21-B83F-4143-9237-7D4ABA552B1D}.Release|Any CPU.Deploy.0 = Release|Any CPU
		{4F1BCF21-B83F-4143-9237-7D4ABA552B1D}.Release|ARM.ActiveCfg = Release|Any CPU
		{4F1BCF21-B83F-4143-9237-7D4ABA552B1D}.Release|ARM.Build.0 = Release|Any CPU
		{4F1BCF21-B83F-4143-9237-7D4ABA552B1D}.Release|ARM.Deploy.0 = Release|Any CPU
		{4F1BCF21-B83F-4143-9237-7D4ABA552B1D}.Release|iPhone.ActiveCfg = Release|Any CPU
		{4F1BCF21-B83F-4143-9237-7D4ABA552B1D}.Release|iPhone.Build.0 = Release|Any CPU
		{4F1BCF21-B83F-4143-9237-7D4ABA552B1D}.Release|iPhone.Deploy.0 = Release|Any CPU
		{4F1BCF21-B83F-4143-9237-7D4ABA552B1D}.Release|iPhoneSimulator.ActiveCfg = Release|Any CPU
		{4F1BCF21-B83F-4143-9237-7D4ABA552B1D}.Release|iPhoneSimulator.Build.0 = Release|Any CPU
		{4F1BCF21-B83F-4143-9237-7D4ABA552B1D}.Release|iPhoneSimulator.Deploy.0 = Release|Any CPU
		{4F1BCF21-B83F-4143-9237-7D4ABA552B1D}.Release|x64.ActiveCfg = Release|Any CPU
		{4F1BCF21-B83F-4143-9237-7D4ABA552B1D}.Release|x64.Build.0 = Release|Any CPU
		{4F1BCF21-B83F-4143-9237-7D4ABA552B1D}.Release|x64.Deploy.0 = Release|Any CPU
		{4F1BCF21-B83F-4143-9237-7D4ABA552B1D}.Release|x86.ActiveCfg = Release|Any CPU
		{4F1BCF21-B83F-4143-9237-7D4ABA552B1D}.Release|x86.Build.0 = Release|Any CPU
		{4F1BCF21-B83F-4143-9237-7D4ABA552B1D}.Release|x86.Deploy.0 = Release|Any CPU
		{29E71F17-CEE7-49CB-8FAA-E4128F33E069}.Ad-Hoc|Any CPU.ActiveCfg = Ad-Hoc|iPhone
		{29E71F17-CEE7-49CB-8FAA-E4128F33E069}.Ad-Hoc|ARM.ActiveCfg = Ad-Hoc|iPhone
		{29E71F17-CEE7-49CB-8FAA-E4128F33E069}.Ad-Hoc|iPhone.ActiveCfg = Ad-Hoc|iPhone
		{29E71F17-CEE7-49CB-8FAA-E4128F33E069}.Ad-Hoc|iPhone.Build.0 = Ad-Hoc|iPhone
		{29E71F17-CEE7-49CB-8FAA-E4128F33E069}.Ad-Hoc|iPhoneSimulator.ActiveCfg = Ad-Hoc|iPhoneSimulator
		{29E71F17-CEE7-49CB-8FAA-E4128F33E069}.Ad-Hoc|iPhoneSimulator.Build.0 = Ad-Hoc|iPhoneSimulator
		{29E71F17-CEE7-49CB-8FAA-E4128F33E069}.Ad-Hoc|x64.ActiveCfg = Ad-Hoc|iPhone
		{29E71F17-CEE7-49CB-8FAA-E4128F33E069}.Ad-Hoc|x86.ActiveCfg = Ad-Hoc|iPhone
		{29E71F17-CEE7-49CB-8FAA-E4128F33E069}.AppStore|Any CPU.ActiveCfg = AppStore|iPhone
		{29E71F17-CEE7-49CB-8FAA-E4128F33E069}.AppStore|ARM.ActiveCfg = AppStore|iPhone
		{29E71F17-CEE7-49CB-8FAA-E4128F33E069}.AppStore|iPhone.ActiveCfg = AppStore|iPhone
		{29E71F17-CEE7-49CB-8FAA-E4128F33E069}.AppStore|iPhone.Build.0 = AppStore|iPhone
		{29E71F17-CEE7-49CB-8FAA-E4128F33E069}.AppStore|iPhoneSimulator.ActiveCfg = AppStore|iPhoneSimulator
		{29E71F17-CEE7-49CB-8FAA-E4128F33E069}.AppStore|iPhoneSimulator.Build.0 = AppStore|iPhoneSimulator
		{29E71F17-CEE7-49CB-8FAA-E4128F33E069}.AppStore|x64.ActiveCfg = AppStore|iPhone
		{29E71F17-CEE7-49CB-8FAA-E4128F33E069}.AppStore|x86.ActiveCfg = AppStore|iPhone
		{29E71F17-CEE7-49CB-8FAA-E4128F33E069}.Debug|Any CPU.ActiveCfg = Debug|iPhone
		{29E71F17-CEE7-49CB-8FAA-E4128F33E069}.Debug|ARM.ActiveCfg = Debug|iPhone
		{29E71F17-CEE7-49CB-8FAA-E4128F33E069}.Debug|iPhone.ActiveCfg = Debug|iPhone
		{29E71F17-CEE7-49CB-8FAA-E4128F33E069}.Debug|iPhone.Build.0 = Debug|iPhone
		{29E71F17-CEE7-49CB-8FAA-E4128F33E069}.Debug|iPhoneSimulator.ActiveCfg = Debug|iPhoneSimulator
		{29E71F17-CEE7-49CB-8FAA-E4128F33E069}.Debug|iPhoneSimulator.Build.0 = Debug|iPhoneSimulator
		{29E71F17-CEE7-49CB-8FAA-E4128F33E069}.Debug|x64.ActiveCfg = Debug|iPhone
		{29E71F17-CEE7-49CB-8FAA-E4128F33E069}.Debug|x86.ActiveCfg = Debug|iPhone
		{29E71F17-CEE7-49CB-8FAA-E4128F33E069}.Release|Any CPU.ActiveCfg = Release|iPhone
		{29E71F17-CEE7-49CB-8FAA-E4128F33E069}.Release|ARM.ActiveCfg = Release|iPhone
		{29E71F17-CEE7-49CB-8FAA-E4128F33E069}.Release|iPhone.ActiveCfg = Release|iPhone
		{29E71F17-CEE7-49CB-8FAA-E4128F33E069}.Release|iPhone.Build.0 = Release|iPhone
		{29E71F17-CEE7-49CB-8FAA-E4128F33E069}.Release|iPhoneSimulator.ActiveCfg = Release|iPhoneSimulator
		{29E71F17-CEE7-49CB-8FAA-E4128F33E069}.Release|iPhoneSimulator.Build.0 = Release|iPhoneSimulator
		{29E71F17-CEE7-49CB-8FAA-E4128F33E069}.Release|x64.ActiveCfg = Release|iPhone
		{29E71F17-CEE7-49CB-8FAA-E4128F33E069}.Release|x86.ActiveCfg = Release|iPhone
		{883F7476-6A54-493C-9C33-100AA7000F38}.Ad-Hoc|Any CPU.ActiveCfg = Release|x86
		{883F7476-6A54-493C-9C33-100AA7000F38}.Ad-Hoc|Any CPU.Build.0 = Release|x86
		{883F7476-6A54-493C-9C33-100AA7000F38}.Ad-Hoc|Any CPU.Deploy.0 = Release|x86
		{883F7476-6A54-493C-9C33-100AA7000F38}.Ad-Hoc|ARM.ActiveCfg = Release|ARM
		{883F7476-6A54-493C-9C33-100AA7000F38}.Ad-Hoc|ARM.Build.0 = Release|ARM
		{883F7476-6A54-493C-9C33-100AA7000F38}.Ad-Hoc|ARM.Deploy.0 = Release|ARM
		{883F7476-6A54-493C-9C33-100AA7000F38}.Ad-Hoc|iPhone.ActiveCfg = Release|x86
		{883F7476-6A54-493C-9C33-100AA7000F38}.Ad-Hoc|iPhone.Build.0 = Release|x86
		{883F7476-6A54-493C-9C33-100AA7000F38}.Ad-Hoc|iPhone.Deploy.0 = Release|x86
		{883F7476-6A54-493C-9C33-100AA7000F38}.Ad-Hoc|iPhoneSimulator.ActiveCfg = Release|x86
		{883F7476-6A54-493C-9C33-100AA7000F38}.Ad-Hoc|iPhoneSimulator.Build.0 = Release|x86
		{883F7476-6A54-493C-9C33-100AA7000F38}.Ad-Hoc|iPhoneSimulator.Deploy.0 = Release|x86
		{883F7476-6A54-493C-9C33-100AA7000F38}.Ad-Hoc|x64.ActiveCfg = Release|x64
		{883F7476-6A54-493C-9C33-100AA7000F38}.Ad-Hoc|x64.Build.0 = Release|x64
		{883F7476-6A54-493C-9C33-100AA7000F38}.Ad-Hoc|x64.Deploy.0 = Release|x64
		{883F7476-6A54-493C-9C33-100AA7000F38}.Ad-Hoc|x86.ActiveCfg = Release|x86
		{883F7476-6A54-493C-9C33-100AA7000F38}.Ad-Hoc|x86.Build.0 = Release|x86
		{883F7476-6A54-493C-9C33-100AA7000F38}.Ad-Hoc|x86.Deploy.0 = Release|x86
		{883F7476-6A54-493C-9C33-100AA7000F38}.AppStore|Any CPU.ActiveCfg = Release|x86
		{883F7476-6A54-493C-9C33-100AA7000F38}.AppStore|Any CPU.Build.0 = Release|x86
		{883F7476-6A54-493C-9C33-100AA7000F38}.AppStore|Any CPU.Deploy.0 = Release|x86
		{883F7476-6A54-493C-9C33-100AA7000F38}.AppStore|ARM.ActiveCfg = Release|ARM
		{883F7476-6A54-493C-9C33-100AA7000F38}.AppStore|ARM.Build.0 = Release|ARM
		{883F7476-6A54-493C-9C33-100AA7000F38}.AppStore|ARM.Deploy.0 = Release|ARM
		{883F7476-6A54-493C-9C33-100AA7000F38}.AppStore|iPhone.ActiveCfg = Release|x86
		{883F7476-6A54-493C-9C33-100AA7000F38}.AppStore|iPhone.Build.0 = Release|x86
		{883F7476-6A54-493C-9C33-100AA7000F38}.AppStore|iPhone.Deploy.0 = Release|x86
		{883F7476-6A54-493C-9C33-100AA7000F38}.AppStore|iPhoneSimulator.ActiveCfg = Release|x86
		{883F7476-6A54-493C-9C33-100AA7000F38}.AppStore|iPhoneSimulator.Build.0 = Release|x86
		{883F7476-6A54-493C-9C33-100AA7000F38}.AppStore|iPhoneSimulator.Deploy.0 = Release|x86
		{883F7476-6A54-493C-9C33-100AA7000F38}.AppStore|x64.ActiveCfg = Release|x64
		{883F7476-6A54-493C-9C33-100AA7000F38}.AppStore|x64.Build.0 = Release|x64
		{883F7476-6A54-493C-9C33-100AA7000F38}.AppStore|x64.Deploy.0 = Release|x64
		{883F7476-6A54-493C-9C33-100AA7000F38}.AppStore|x86.ActiveCfg = Release|x86
		{883F7476-6A54-493C-9C33-100AA7000F38}.AppStore|x86.Build.0 = Release|x86
		{883F7476-6A54-493C-9C33-100AA7000F38}.AppStore|x86.Deploy.0 = Release|x86
		{883F7476-6A54-493C-9C33-100AA7000F38}.Debug|Any CPU.ActiveCfg = Debug|x86
		{883F7476-6A54-493C-9C33-100AA7000F38}.Debug|ARM.ActiveCfg = Debug|ARM
		{883F7476-6A54-493C-9C33-100AA7000F38}.Debug|ARM.Build.0 = Debug|ARM
		{883F7476-6A54-493C-9C33-100AA7000F38}.Debug|ARM.Deploy.0 = Debug|ARM
		{883F7476-6A54-493C-9C33-100AA7000F38}.Debug|iPhone.ActiveCfg = Debug|x86
		{883F7476-6A54-493C-9C33-100AA7000F38}.Debug|iPhoneSimulator.ActiveCfg = Debug|x86
		{883F7476-6A54-493C-9C33-100AA7000F38}.Debug|x64.ActiveCfg = Debug|x64
		{883F7476-6A54-493C-9C33-100AA7000F38}.Debug|x64.Build.0 = Debug|x64
		{883F7476-6A54-493C-9C33-100AA7000F38}.Debug|x64.Deploy.0 = Debug|x64
		{883F7476-6A54-493C-9C33-100AA7000F38}.Debug|x86.ActiveCfg = Debug|x86
		{883F7476-6A54-493C-9C33-100AA7000F38}.Debug|x86.Build.0 = Debug|x86
		{883F7476-6A54-493C-9C33-100AA7000F38}.Debug|x86.Deploy.0 = Debug|x86
		{883F7476-6A54-493C-9C33-100AA7000F38}.Release|Any CPU.ActiveCfg = Release|x86
		{883F7476-6A54-493C-9C33-100AA7000F38}.Release|ARM.ActiveCfg = Release|ARM
		{883F7476-6A54-493C-9C33-100AA7000F38}.Release|ARM.Build.0 = Release|ARM
		{883F7476-6A54-493C-9C33-100AA7000F38}.Release|ARM.Deploy.0 = Release|ARM
		{883F7476-6A54-493C-9C33-100AA7000F38}.Release|iPhone.ActiveCfg = Release|x86
		{883F7476-6A54-493C-9C33-100AA7000F38}.Release|iPhoneSimulator.ActiveCfg = Release|x86
		{883F7476-6A54-493C-9C33-100AA7000F38}.Release|x64.ActiveCfg = Release|x64
		{883F7476-6A54-493C-9C33-100AA7000F38}.Release|x64.Build.0 = Release|x64
		{883F7476-6A54-493C-9C33-100AA7000F38}.Release|x64.Deploy.0 = Release|x64
		{883F7476-6A54-493C-9C33-100AA7000F38}.Release|x86.ActiveCfg = Release|x86
		{883F7476-6A54-493C-9C33-100AA7000F38}.Release|x86.Build.0 = Release|x86
		{883F7476-6A54-493C-9C33-100AA7000F38}.Release|x86.Deploy.0 = Release|x86
		{A7EB6B7C-7C39-4822-B177-708164FAB9EC}.Ad-Hoc|Any CPU.ActiveCfg = Debug|Any CPU
		{A7EB6B7C-7C39-4822-B177-708164FAB9EC}.Ad-Hoc|Any CPU.Build.0 = Debug|Any CPU
		{A7EB6B7C-7C39-4822-B177-708164FAB9EC}.Ad-Hoc|ARM.ActiveCfg = Debug|Any CPU
		{A7EB6B7C-7C39-4822-B177-708164FAB9EC}.Ad-Hoc|ARM.Build.0 = Debug|Any CPU
		{A7EB6B7C-7C39-4822-B177-708164FAB9EC}.Ad-Hoc|iPhone.ActiveCfg = Debug|Any CPU
		{A7EB6B7C-7C39-4822-B177-708164FAB9EC}.Ad-Hoc|iPhone.Build.0 = Debug|Any CPU
		{A7EB6B7C-7C39-4822-B177-708164FAB9EC}.Ad-Hoc|iPhoneSimulator.ActiveCfg = Debug|Any CPU
		{A7EB6B7C-7C39-4822-B177-708164FAB9EC}.Ad-Hoc|iPhoneSimulator.Build.0 = Debug|Any CPU
		{A7EB6B7C-7C39-4822-B177-708164FAB9EC}.Ad-Hoc|x64.ActiveCfg = Debug|Any CPU
		{A7EB6B7C-7C39-4822-B177-708164FAB9EC}.Ad-Hoc|x64.Build.0 = Debug|Any CPU
		{A7EB6B7C-7C39-4822-B177-708164FAB9EC}.Ad-Hoc|x86.ActiveCfg = Debug|Any CPU
		{A7EB6B7C-7C39-4822-B177-708164FAB9EC}.Ad-Hoc|x86.Build.0 = Debug|Any CPU
		{A7EB6B7C-7C39-4822-B177-708164FAB9EC}.AppStore|Any CPU.ActiveCfg = Debug|Any CPU
		{A7EB6B7C-7C39-4822-B177-708164FAB9EC}.AppStore|Any CPU.Build.0 = Debug|Any CPU
		{A7EB6B7C-7C39-4822-B177-708164FAB9EC}.AppStore|ARM.ActiveCfg = Debug|Any CPU
		{A7EB6B7C-7C39-4822-B177-708164FAB9EC}.AppStore|ARM.Build.0 = Debug|Any CPU
		{A7EB6B7C-7C39-4822-B177-708164FAB9EC}.AppStore|iPhone.ActiveCfg = Debug|Any CPU
		{A7EB6B7C-7C39-4822-B177-708164FAB9EC}.AppStore|iPhone.Build.0 = Debug|Any CPU
		{A7EB6B7C-7C39-4822-B177-708164FAB9EC}.AppStore|iPhoneSimulator.ActiveCfg = Debug|Any CPU
		{A7EB6B7C-7C39-4822-B177-708164FAB9EC}.AppStore|iPhoneSimulator.Build.0 = Debug|Any CPU
		{A7EB6B7C-7C39-4822-B177-708164FAB9EC}.AppStore|x64.ActiveCfg = Debug|Any CPU
		{A7EB6B7C-7C39-4822-B177-708164FAB9EC}.AppStore|x64.Build.0 = Debug|Any CPU
		{A7EB6B7C-7C39-4822-B177-708164FAB9EC}.AppStore|x86.ActiveCfg = Debug|Any CPU
		{A7EB6B7C-7C39-4822-B177-708164FAB9EC}.AppStore|x86.Build.0 = Debug|Any CPU
		{A7EB6B7C-7C39-4822-B177-708164FAB9EC}.Debug|Any CPU.ActiveCfg = Debug|Any CPU
		{A7EB6B7C-7C39-4822-B177-708164FAB9EC}.Debug|Any CPU.Build.0 = Debug|Any CPU
		{A7EB6B7C-7C39-4822-B177-708164FAB9EC}.Debug|ARM.ActiveCfg = Debug|Any CPU
		{A7EB6B7C-7C39-4822-B177-708164FAB9EC}.Debug|ARM.Build.0 = Debug|Any CPU
		{A7EB6B7C-7C39-4822-B177-708164FAB9EC}.Debug|iPhone.ActiveCfg = Debug|Any CPU
		{A7EB6B7C-7C39-4822-B177-708164FAB9EC}.Debug|iPhone.Build.0 = Debug|Any CPU
		{A7EB6B7C-7C39-4822-B177-708164FAB9EC}.Debug|iPhoneSimulator.ActiveCfg = Debug|Any CPU
		{A7EB6B7C-7C39-4822-B177-708164FAB9EC}.Debug|iPhoneSimulator.Build.0 = Debug|Any CPU
		{A7EB6B7C-7C39-4822-B177-708164FAB9EC}.Debug|x64.ActiveCfg = Debug|Any CPU
		{A7EB6B7C-7C39-4822-B177-708164FAB9EC}.Debug|x64.Build.0 = Debug|Any CPU
		{A7EB6B7C-7C39-4822-B177-708164FAB9EC}.Debug|x86.ActiveCfg = Debug|Any CPU
		{A7EB6B7C-7C39-4822-B177-708164FAB9EC}.Debug|x86.Build.0 = Debug|Any CPU
		{A7EB6B7C-7C39-4822-B177-708164FAB9EC}.Release|Any CPU.ActiveCfg = Release|Any CPU
		{A7EB6B7C-7C39-4822-B177-708164FAB9EC}.Release|Any CPU.Build.0 = Release|Any CPU
		{A7EB6B7C-7C39-4822-B177-708164FAB9EC}.Release|ARM.ActiveCfg = Release|Any CPU
		{A7EB6B7C-7C39-4822-B177-708164FAB9EC}.Release|ARM.Build.0 = Release|Any CPU
		{A7EB6B7C-7C39-4822-B177-708164FAB9EC}.Release|iPhone.ActiveCfg = Release|Any CPU
		{A7EB6B7C-7C39-4822-B177-708164FAB9EC}.Release|iPhone.Build.0 = Release|Any CPU
		{A7EB6B7C-7C39-4822-B177-708164FAB9EC}.Release|iPhoneSimulator.ActiveCfg = Release|Any CPU
		{A7EB6B7C-7C39-4822-B177-708164FAB9EC}.Release|iPhoneSimulator.Build.0 = Release|Any CPU
		{A7EB6B7C-7C39-4822-B177-708164FAB9EC}.Release|x64.ActiveCfg = Release|Any CPU
		{A7EB6B7C-7C39-4822-B177-708164FAB9EC}.Release|x64.Build.0 = Release|Any CPU
		{A7EB6B7C-7C39-4822-B177-708164FAB9EC}.Release|x86.ActiveCfg = Release|Any CPU
		{A7EB6B7C-7C39-4822-B177-708164FAB9EC}.Release|x86.Build.0 = Release|Any CPU
	EndGlobalSection
	GlobalSection(SolutionProperties) = preSolution
		HideSolutionNode = FALSE
	EndGlobalSection
	GlobalSection(ExtensibilityGlobals) = postSolution
		SolutionGuid = {CC66DAED-AB40-45EC-8FB8-F1578BA42A6E}
	EndGlobalSection
EndGlobal
